// !$*UTF8*$!
{
	archiveVersion = 1;
	classes = {
	};
	objectVersion = 50;
	objects = {

/* Begin PBXBuildFile section */
		18B5087022C1406000C00A5F /* AppDelegate.swift in Sources */ = {isa = PBXBuildFile; fileRef = 18B5086F22C1406000C00A5F /* AppDelegate.swift */; };
		18B5087522C1406000C00A5F /* Main.storyboard in Resources */ = {isa = PBXBuildFile; fileRef = 18B5087322C1406000C00A5F /* Main.storyboard */; };
		18B5087822C1406000C00A5F /* viewFind.xcdatamodeld in Sources */ = {isa = PBXBuildFile; fileRef = 18B5087622C1406000C00A5F /* viewFind.xcdatamodeld */; };
		18B5087A22C1406300C00A5F /* Assets.xcassets in Resources */ = {isa = PBXBuildFile; fileRef = 18B5087922C1406300C00A5F /* Assets.xcassets */; };
		18B5087D22C1406300C00A5F /* LaunchScreen.storyboard in Resources */ = {isa = PBXBuildFile; fileRef = 18B5087B22C1406300C00A5F /* LaunchScreen.storyboard */; };
		18B5088822C1406300C00A5F /* viewFindTests.swift in Sources */ = {isa = PBXBuildFile; fileRef = 18B5088722C1406300C00A5F /* viewFindTests.swift */; };
		18B5089322C1406300C00A5F /* viewFindUITests.swift in Sources */ = {isa = PBXBuildFile; fileRef = 18B5089222C1406300C00A5F /* viewFindUITests.swift */; };
		18B508A122C14C3200C00A5F /* AddPhotoViewController.swift in Sources */ = {isa = PBXBuildFile; fileRef = 18B508A022C14C3200C00A5F /* AddPhotoViewController.swift */; };
		18B508A322C164D300C00A5F /* PhotoTableViewController.swift in Sources */ = {isa = PBXBuildFile; fileRef = 18B508A222C164D300C00A5F /* PhotoTableViewController.swift */; };
/* End PBXBuildFile section */

/* Begin PBXContainerItemProxy section */
		18B5088422C1406300C00A5F /* PBXContainerItemProxy */ = {
			isa = PBXContainerItemProxy;
			containerPortal = 18B5086422C1406000C00A5F /* Project object */;
			proxyType = 1;
			remoteGlobalIDString = 18B5086B22C1406000C00A5F;
			remoteInfo = viewFind;
		};
		18B5088F22C1406300C00A5F /* PBXContainerItemProxy */ = {
			isa = PBXContainerItemProxy;
			containerPortal = 18B5086422C1406000C00A5F /* Project object */;
			proxyType = 1;
			remoteGlobalIDString = 18B5086B22C1406000C00A5F;
			remoteInfo = viewFind;
		};
/* End PBXContainerItemProxy section */

/* Begin PBXFileReference section */
		18B5086C22C1406000C00A5F /* viewFind.app */ = {isa = PBXFileReference; explicitFileType = wrapper.application; includeInIndex = 0; path = viewFind.app; sourceTree = BUILT_PRODUCTS_DIR; };
		18B5086F22C1406000C00A5F /* AppDelegate.swift */ = {isa = PBXFileReference; lastKnownFileType = sourcecode.swift; path = AppDelegate.swift; sourceTree = "<group>"; };
		18B5087422C1406000C00A5F /* Base */ = {isa = PBXFileReference; lastKnownFileType = file.storyboard; name = Base; path = Base.lproj/Main.storyboard; sourceTree = "<group>"; };
		18B5087722C1406000C00A5F /* viewFind.xcdatamodel */ = {isa = PBXFileReference; lastKnownFileType = wrapper.xcdatamodel; path = viewFind.xcdatamodel; sourceTree = "<group>"; };
		18B5087922C1406300C00A5F /* Assets.xcassets */ = {isa = PBXFileReference; lastKnownFileType = folder.assetcatalog; path = Assets.xcassets; sourceTree = "<group>"; };
		18B5087C22C1406300C00A5F /* Base */ = {isa = PBXFileReference; lastKnownFileType = file.storyboard; name = Base; path = Base.lproj/LaunchScreen.storyboard; sourceTree = "<group>"; };
		18B5087E22C1406300C00A5F /* Info.plist */ = {isa = PBXFileReference; lastKnownFileType = text.plist.xml; path = Info.plist; sourceTree = "<group>"; };
		18B5088322C1406300C00A5F /* viewFindTests.xctest */ = {isa = PBXFileReference; explicitFileType = wrapper.cfbundle; includeInIndex = 0; path = viewFindTests.xctest; sourceTree = BUILT_PRODUCTS_DIR; };
		18B5088722C1406300C00A5F /* viewFindTests.swift */ = {isa = PBXFileReference; lastKnownFileType = sourcecode.swift; path = viewFindTests.swift; sourceTree = "<group>"; };
		18B5088922C1406300C00A5F /* Info.plist */ = {isa = PBXFileReference; lastKnownFileType = text.plist.xml; path = Info.plist; sourceTree = "<group>"; };
		18B5088E22C1406300C00A5F /* viewFindUITests.xctest */ = {isa = PBXFileReference; explicitFileType = wrapper.cfbundle; includeInIndex = 0; path = viewFindUITests.xctest; sourceTree = BUILT_PRODUCTS_DIR; };
		18B5089222C1406300C00A5F /* viewFindUITests.swift */ = {isa = PBXFileReference; lastKnownFileType = sourcecode.swift; path = viewFindUITests.swift; sourceTree = "<group>"; };
		18B5089422C1406300C00A5F /* Info.plist */ = {isa = PBXFileReference; lastKnownFileType = text.plist.xml; path = Info.plist; sourceTree = "<group>"; };
		18B508A022C14C3200C00A5F /* AddPhotoViewController.swift */ = {isa = PBXFileReference; lastKnownFileType = sourcecode.swift; path = AddPhotoViewController.swift; sourceTree = "<group>"; };
		18B508A222C164D300C00A5F /* PhotoTableViewController.swift */ = {isa = PBXFileReference; lastKnownFileType = sourcecode.swift; name = PhotoTableViewController.swift; path = ../../PhotoTableViewController.swift; sourceTree = "<group>"; };
/* End PBXFileReference section */

/* Begin PBXFrameworksBuildPhase section */
		18B5086922C1406000C00A5F /* Frameworks */ = {
			isa = PBXFrameworksBuildPhase;
			buildActionMask = 2147483647;
			files = (
			);
			runOnlyForDeploymentPostprocessing = 0;
		};
		18B5088022C1406300C00A5F /* Frameworks */ = {
			isa = PBXFrameworksBuildPhase;
			buildActionMask = 2147483647;
			files = (
			);
			runOnlyForDeploymentPostprocessing = 0;
		};
		18B5088B22C1406300C00A5F /* Frameworks */ = {
			isa = PBXFrameworksBuildPhase;
			buildActionMask = 2147483647;
			files = (
			);
			runOnlyForDeploymentPostprocessing = 0;
		};
/* End PBXFrameworksBuildPhase section */

/* Begin PBXGroup section */
		18B5086322C1406000C00A5F = {
			isa = PBXGroup;
			children = (
				18B5086E22C1406000C00A5F /* viewFind */,
				18B5088622C1406300C00A5F /* viewFindTests */,
				18B5089122C1406300C00A5F /* viewFindUITests */,
				18B5086D22C1406000C00A5F /* Products */,
			);
			sourceTree = "<group>";
		};
		18B5086D22C1406000C00A5F /* Products */ = {
			isa = PBXGroup;
			children = (
				18B5086C22C1406000C00A5F /* viewFind.app */,
				18B5088322C1406300C00A5F /* viewFindTests.xctest */,
				18B5088E22C1406300C00A5F /* viewFindUITests.xctest */,
			);
			name = Products;
			sourceTree = "<group>";
		};
		18B5086E22C1406000C00A5F /* viewFind */ = {
			isa = PBXGroup;
			children = (
				18B5086F22C1406000C00A5F /* AppDelegate.swift */,
				18B5087322C1406000C00A5F /* Main.storyboard */,
				18B5087922C1406300C00A5F /* Assets.xcassets */,
				18B5087B22C1406300C00A5F /* LaunchScreen.storyboard */,
				18B5087E22C1406300C00A5F /* Info.plist */,
				18B5087622C1406000C00A5F /* viewFind.xcdatamodeld */,
				18B508A022C14C3200C00A5F /* AddPhotoViewController.swift */,
				18B508A222C164D300C00A5F /* PhotoTableViewController.swift */,
			);
			path = viewFind;
			sourceTree = "<group>";
		};
		18B5088622C1406300C00A5F /* viewFindTests */ = {
			isa = PBXGroup;
			children = (
				18B5088722C1406300C00A5F /* viewFindTests.swift */,
				18B5088922C1406300C00A5F /* Info.plist */,
			);
			path = viewFindTests;
			sourceTree = "<group>";
		};
		18B5089122C1406300C00A5F /* viewFindUITests */ = {
			isa = PBXGroup;
			children = (
				18B5089222C1406300C00A5F /* viewFindUITests.swift */,
				18B5089422C1406300C00A5F /* Info.plist */,
			);
			path = viewFindUITests;
			sourceTree = "<group>";
		};
/* End PBXGroup section */

/* Begin PBXNativeTarget section */
		18B5086B22C1406000C00A5F /* viewFind */ = {
			isa = PBXNativeTarget;
			buildConfigurationList = 18B5089722C1406300C00A5F /* Build configuration list for PBXNativeTarget "viewFind" */;
			buildPhases = (
				18B5086822C1406000C00A5F /* Sources */,
				18B5086922C1406000C00A5F /* Frameworks */,
				18B5086A22C1406000C00A5F /* Resources */,
			);
			buildRules = (
			);
			dependencies = (
			);
			name = viewFind;
			productName = viewFind;
			productReference = 18B5086C22C1406000C00A5F /* viewFind.app */;
			productType = "com.apple.product-type.application";
		};
		18B5088222C1406300C00A5F /* viewFindTests */ = {
			isa = PBXNativeTarget;
			buildConfigurationList = 18B5089A22C1406300C00A5F /* Build configuration list for PBXNativeTarget "viewFindTests" */;
			buildPhases = (
				18B5087F22C1406300C00A5F /* Sources */,
				18B5088022C1406300C00A5F /* Frameworks */,
				18B5088122C1406300C00A5F /* Resources */,
			);
			buildRules = (
			);
			dependencies = (
				18B5088522C1406300C00A5F /* PBXTargetDependency */,
			);
			name = viewFindTests;
			productName = viewFindTests;
			productReference = 18B5088322C1406300C00A5F /* viewFindTests.xctest */;
			productType = "com.apple.product-type.bundle.unit-test";
		};
		18B5088D22C1406300C00A5F /* viewFindUITests */ = {
			isa = PBXNativeTarget;
			buildConfigurationList = 18B5089D22C1406300C00A5F /* Build configuration list for PBXNativeTarget "viewFindUITests" */;
			buildPhases = (
				18B5088A22C1406300C00A5F /* Sources */,
				18B5088B22C1406300C00A5F /* Frameworks */,
				18B5088C22C1406300C00A5F /* Resources */,
			);
			buildRules = (
			);
			dependencies = (
				18B5089022C1406300C00A5F /* PBXTargetDependency */,
			);
			name = viewFindUITests;
			productName = viewFindUITests;
			productReference = 18B5088E22C1406300C00A5F /* viewFindUITests.xctest */;
			productType = "com.apple.product-type.bundle.ui-testing";
		};
/* End PBXNativeTarget section */

/* Begin PBXProject section */
		18B5086422C1406000C00A5F /* Project object */ = {
			isa = PBXProject;
			attributes = {
				LastSwiftUpdateCheck = 1020;
				LastUpgradeCheck = 1020;
				ORGANIZATIONNAME = Apple;
				TargetAttributes = {
					18B5086B22C1406000C00A5F = {
						CreatedOnToolsVersion = 10.2.1;
					};
					18B5088222C1406300C00A5F = {
						CreatedOnToolsVersion = 10.2.1;
						TestTargetID = 18B5086B22C1406000C00A5F;
					};
					18B5088D22C1406300C00A5F = {
						CreatedOnToolsVersion = 10.2.1;
						TestTargetID = 18B5086B22C1406000C00A5F;
					};
				};
			};
			buildConfigurationList = 18B5086722C1406000C00A5F /* Build configuration list for PBXProject "viewFind" */;
			compatibilityVersion = "Xcode 9.3";
			developmentRegion = en;
			hasScannedForEncodings = 0;
			knownRegions = (
				en,
				Base,
			);
			mainGroup = 18B5086322C1406000C00A5F;
			productRefGroup = 18B5086D22C1406000C00A5F /* Products */;
			projectDirPath = "";
			projectRoot = "";
			targets = (
				18B5086B22C1406000C00A5F /* viewFind */,
				18B5088222C1406300C00A5F /* viewFindTests */,
				18B5088D22C1406300C00A5F /* viewFindUITests */,
			);
		};
/* End PBXProject section */

/* Begin PBXResourcesBuildPhase section */
		18B5086A22C1406000C00A5F /* Resources */ = {
			isa = PBXResourcesBuildPhase;
			buildActionMask = 2147483647;
			files = (
				18B5087D22C1406300C00A5F /* LaunchScreen.storyboard in Resources */,
				18B5087A22C1406300C00A5F /* Assets.xcassets in Resources */,
				18B5087522C1406000C00A5F /* Main.storyboard in Resources */,
			);
			runOnlyForDeploymentPostprocessing = 0;
		};
		18B5088122C1406300C00A5F /* Resources */ = {
			isa = PBXResourcesBuildPhase;
			buildActionMask = 2147483647;
			files = (
			);
			runOnlyForDeploymentPostprocessing = 0;
		};
		18B5088C22C1406300C00A5F /* Resources */ = {
			isa = PBXResourcesBuildPhase;
			buildActionMask = 2147483647;
			files = (
			);
			runOnlyForDeploymentPostprocessing = 0;
		};
/* End PBXResourcesBuildPhase section */

/* Begin PBXSourcesBuildPhase section */
		18B5086822C1406000C00A5F /* Sources */ = {
			isa = PBXSourcesBuildPhase;
			buildActionMask = 2147483647;
			files = (
				18B5087822C1406000C00A5F /* viewFind.xcdatamodeld in Sources */,
				18B508A122C14C3200C00A5F /* AddPhotoViewController.swift in Sources */,
				18B508A322C164D300C00A5F /* PhotoTableViewController.swift in Sources */,
				18B5087022C1406000C00A5F /* AppDelegate.swift in Sources */,
			);
			runOnlyForDeploymentPostprocessing = 0;
		};
		18B5087F22C1406300C00A5F /* Sources */ = {
			isa = PBXSourcesBuildPhase;
			buildActionMask = 2147483647;
			files = (
				18B5088822C1406300C00A5F /* viewFindTests.swift in Sources */,
			);
			runOnlyForDeploymentPostprocessing = 0;
		};
		18B5088A22C1406300C00A5F /* Sources */ = {
			isa = PBXSourcesBuildPhase;
			buildActionMask = 2147483647;
			files = (
				18B5089322C1406300C00A5F /* viewFindUITests.swift in Sources */,
			);
			runOnlyForDeploymentPostprocessing = 0;
		};
/* End PBXSourcesBuildPhase section */

/* Begin PBXTargetDependency section */
		18B5088522C1406300C00A5F /* PBXTargetDependency */ = {
			isa = PBXTargetDependency;
			target = 18B5086B22C1406000C00A5F /* viewFind */;
			targetProxy = 18B5088422C1406300C00A5F /* PBXContainerItemProxy */;
		};
		18B5089022C1406300C00A5F /* PBXTargetDependency */ = {
			isa = PBXTargetDependency;
			target = 18B5086B22C1406000C00A5F /* viewFind */;
			targetProxy = 18B5088F22C1406300C00A5F /* PBXContainerItemProxy */;
		};
/* End PBXTargetDependency section */

/* Begin PBXVariantGroup section */
		18B5087322C1406000C00A5F /* Main.storyboard */ = {
			isa = PBXVariantGroup;
			children = (
				18B5087422C1406000C00A5F /* Base */,
			);
			name = Main.storyboard;
			sourceTree = "<group>";
		};
		18B5087B22C1406300C00A5F /* LaunchScreen.storyboard */ = {
			isa = PBXVariantGroup;
			children = (
				18B5087C22C1406300C00A5F /* Base */,
			);
			name = LaunchScreen.storyboard;
			sourceTree = "<group>";
		};
/* End PBXVariantGroup section */

/* Begin XCBuildConfiguration section */
		18B5089522C1406300C00A5F /* Debug */ = {
			isa = XCBuildConfiguration;
			buildSettings = {
				ALWAYS_SEARCH_USER_PATHS = NO;
				CLANG_ANALYZER_NONNULL = YES;
				CLANG_ANALYZER_NUMBER_OBJECT_CONVERSION = YES_AGGRESSIVE;
				CLANG_CXX_LANGUAGE_STANDARD = "gnu++14";
				CLANG_CXX_LIBRARY = "libc++";
				CLANG_ENABLE_MODULES = YES;
				CLANG_ENABLE_OBJC_ARC = YES;
				CLANG_ENABLE_OBJC_WEAK = YES;
				CLANG_WARN_BLOCK_CAPTURE_AUTORELEASING = YES;
				CLANG_WARN_BOOL_CONVERSION = YES;
				CLANG_WARN_COMMA = YES;
				CLANG_WARN_CONSTANT_CONVERSION = YES;
				CLANG_WARN_DEPRECATED_OBJC_IMPLEMENTATIONS = YES;
				CLANG_WARN_DIRECT_OBJC_ISA_USAGE = YES_ERROR;
				CLANG_WARN_DOCUMENTATION_COMMENTS = YES;
				CLANG_WARN_EMPTY_BODY = YES;
				CLANG_WARN_ENUM_CONVERSION = YES;
				CLANG_WARN_INFINITE_RECURSION = YES;
				CLANG_WARN_INT_CONVERSION = YES;
				CLANG_WARN_NON_LITERAL_NULL_CONVERSION = YES;
				CLANG_WARN_OBJC_IMPLICIT_RETAIN_SELF = YES;
				CLANG_WARN_OBJC_LITERAL_CONVERSION = YES;
				CLANG_WARN_OBJC_ROOT_CLASS = YES_ERROR;
				CLANG_WARN_RANGE_LOOP_ANALYSIS = YES;
				CLANG_WARN_STRICT_PROTOTYPES = YES;
				CLANG_WARN_SUSPICIOUS_MOVE = YES;
				CLANG_WARN_UNGUARDED_AVAILABILITY = YES_AGGRESSIVE;
				CLANG_WARN_UNREACHABLE_CODE = YES;
				CLANG_WARN__DUPLICATE_METHOD_MATCH = YES;
				CODE_SIGN_IDENTITY = "iPhone Developer";
				COPY_PHASE_STRIP = NO;
				DEBUG_INFORMATION_FORMAT = dwarf;
				ENABLE_STRICT_OBJC_MSGSEND = YES;
				ENABLE_TESTABILITY = YES;
				GCC_C_LANGUAGE_STANDARD = gnu11;
				GCC_DYNAMIC_NO_PIC = NO;
				GCC_NO_COMMON_BLOCKS = YES;
				GCC_OPTIMIZATION_LEVEL = 0;
				GCC_PREPROCESSOR_DEFINITIONS = (
					"DEBUG=1",
					"$(inherited)",
				);
				GCC_WARN_64_TO_32_BIT_CONVERSION = YES;
				GCC_WARN_ABOUT_RETURN_TYPE = YES_ERROR;
				GCC_WARN_UNDECLARED_SELECTOR = YES;
				GCC_WARN_UNINITIALIZED_AUTOS = YES_AGGRESSIVE;
				GCC_WARN_UNUSED_FUNCTION = YES;
				GCC_WARN_UNUSED_VARIABLE = YES;
				IPHONEOS_DEPLOYMENT_TARGET = 12.2;
				MTL_ENABLE_DEBUG_INFO = INCLUDE_SOURCE;
				MTL_FAST_MATH = YES;
				ONLY_ACTIVE_ARCH = YES;
				SDKROOT = iphoneos;
				SWIFT_ACTIVE_COMPILATION_CONDITIONS = DEBUG;
				SWIFT_OPTIMIZATION_LEVEL = "-Onone";
			};
			name = Debug;
		};
		18B5089622C1406300C00A5F /* Release */ = {
			isa = XCBuildConfiguration;
			buildSettings = {
				ALWAYS_SEARCH_USER_PATHS = NO;
				CLANG_ANALYZER_NONNULL = YES;
				CLANG_ANALYZER_NUMBER_OBJECT_CONVERSION = YES_AGGRESSIVE;
				CLANG_CXX_LANGUAGE_STANDARD = "gnu++14";
				CLANG_CXX_LIBRARY = "libc++";
				CLANG_ENABLE_MODULES = YES;
				CLANG_ENABLE_OBJC_ARC = YES;
				CLANG_ENABLE_OBJC_WEAK = YES;
				CLANG_WARN_BLOCK_CAPTURE_AUTORELEASING = YES;
				CLANG_WARN_BOOL_CONVERSION = YES;
				CLANG_WARN_COMMA = YES;
				CLANG_WARN_CONSTANT_CONVERSION = YES;
				CLANG_WARN_DEPRECATED_OBJC_IMPLEMENTATIONS = YES;
				CLANG_WARN_DIRECT_OBJC_ISA_USAGE = YES_ERROR;
				CLANG_WARN_DOCUMENTATION_COMMENTS = YES;
				CLANG_WARN_EMPTY_BODY = YES;
				CLANG_WARN_ENUM_CONVERSION = YES;
				CLANG_WARN_INFINITE_RECURSION = YES;
				CLANG_WARN_INT_CONVERSION = YES;
				CLANG_WARN_NON_LITERAL_NULL_CONVERSION = YES;
				CLANG_WARN_OBJC_IMPLICIT_RETAIN_SELF = YES;
				CLANG_WARN_OBJC_LITERAL_CONVERSION = YES;
				CLANG_WARN_OBJC_ROOT_CLASS = YES_ERROR;
				CLANG_WARN_RANGE_LOOP_ANALYSIS = YES;
				CLANG_WARN_STRICT_PROTOTYPES = YES;
				CLANG_WARN_SUSPICIOUS_MOVE = YES;
				CLANG_WARN_UNGUARDED_AVAILABILITY = YES_AGGRESSIVE;
				CLANG_WARN_UNREACHABLE_CODE = YES;
				CLANG_WARN__DUPLICATE_METHOD_MATCH = YES;
				CODE_SIGN_IDENTITY = "iPhone Developer";
				COPY_PHASE_STRIP = NO;
				DEBUG_INFORMATION_FORMAT = "dwarf-with-dsym";
				ENABLE_NS_ASSERTIONS = NO;
				ENABLE_STRICT_OBJC_MSGSEND = YES;
				GCC_C_LANGUAGE_STANDARD = gnu11;
				GCC_NO_COMMON_BLOCKS = YES;
				GCC_WARN_64_TO_32_BIT_CONVERSION = YES;
				GCC_WARN_ABOUT_RETURN_TYPE = YES_ERROR;
				GCC_WARN_UNDECLARED_SELECTOR = YES;
				GCC_WARN_UNINITIALIZED_AUTOS = YES_AGGRESSIVE;
				GCC_WARN_UNUSED_FUNCTION = YES;
				GCC_WARN_UNUSED_VARIABLE = YES;
				IPHONEOS_DEPLOYMENT_TARGET = 12.2;
				MTL_ENABLE_DEBUG_INFO = NO;
				MTL_FAST_MATH = YES;
				SDKROOT = iphoneos;
				SWIFT_COMPILATION_MODE = wholemodule;
				SWIFT_OPTIMIZATION_LEVEL = "-O";
				VALIDATE_PRODUCT = YES;
			};
			name = Release;
		};
		18B5089822C1406300C00A5F /* Debug */ = {
			isa = XCBuildConfiguration;
			buildSettings = {
				ASSETCATALOG_COMPILER_APPICON_NAME = AppIcon;
				CODE_SIGN_STYLE = Automatic;
				INFOPLIST_FILE = viewFind/Info.plist;
				LD_RUNPATH_SEARCH_PATHS = (
					"$(inherited)",
					"@executable_path/Frameworks",
				);
				PRODUCT_BUNDLE_IDENTIFIER = "Ryan-Greathouse.viewFind";
				PRODUCT_NAME = "$(TARGET_NAME)";
				SWIFT_VERSION = 5.0;
				TARGETED_DEVICE_FAMILY = "1,2";
			};
			name = Debug;
		};
		18B5089922C1406300C00A5F /* Release */ = {
			isa = XCBuildConfiguration;
			buildSettings = {
				ASSETCATALOG_COMPILER_APPICON_NAME = AppIcon;
				CODE_SIGN_STYLE = Automatic;
				INFOPLIST_FILE = viewFind/Info.plist;
				LD_RUNPATH_SEARCH_PATHS = (
					"$(inherited)",
					"@executable_path/Frameworks",
				);
				PRODUCT_BUNDLE_IDENTIFIER = "Ryan-Greathouse.viewFind";
				PRODUCT_NAME = "$(TARGET_NAME)";
				SWIFT_VERSION = 5.0;
				TARGETED_DEVICE_FAMILY = "1,2";
			};
			name = Release;
		};
		18B5089B22C1406300C00A5F /* Debug */ = {
			isa = XCBuildConfiguration;
			buildSettings = {
				ALWAYS_EMBED_SWIFT_STANDARD_LIBRARIES = YES;
				BUNDLE_LOADER = "$(TEST_HOST)";
				CODE_SIGN_STYLE = Automatic;
				INFOPLIST_FILE = viewFindTests/Info.plist;
				LD_RUNPATH_SEARCH_PATHS = (
					"$(inherited)",
					"@executable_path/Frameworks",
					"@loader_path/Frameworks",
				);
				PRODUCT_BUNDLE_IDENTIFIER = "Ryan-Greathouse.viewFindTests";
				PRODUCT_NAME = "$(TARGET_NAME)";
				SWIFT_VERSION = 5.0;
				TARGETED_DEVICE_FAMILY = "1,2";
				TEST_HOST = "$(BUILT_PRODUCTS_DIR)/viewFind.app/viewFind";
			};
			name = Debug;
		};
		18B5089C22C1406300C00A5F /* Release */ = {
			isa = XCBuildConfiguration;
			buildSettings = {
				ALWAYS_EMBED_SWIFT_STANDARD_LIBRARIES = YES;
				BUNDLE_LOADER = "$(TEST_HOST)";
				CODE_SIGN_STYLE = Automatic;
				INFOPLIST_FILE = viewFindTests/Info.plist;
				LD_RUNPATH_SEARCH_PATHS = (
					"$(inherited)",
					"@executable_path/Frameworks",
					"@loader_path/Frameworks",
				);
				PRODUCT_BUNDLE_IDENTIFIER = "Ryan-Greathouse.viewFindTests";
				PRODUCT_NAME = "$(TARGET_NAME)";
				SWIFT_VERSION = 5.0;
				TARGETED_DEVICE_FAMILY = "1,2";
				TEST_HOST = "$(BUILT_PRODUCTS_DIR)/viewFind.app/viewFind";
			};
			name = Release;
		};
		18B5089E22C1406300C00A5F /* Debug */ = {
			isa = XCBuildConfiguration;
			buildSettings = {
				ALWAYS_EMBED_SWIFT_STANDARD_LIBRARIES = YES;
				CODE_SIGN_STYLE = Automatic;
				INFOPLIST_FILE = viewFindUITests/Info.plist;
				LD_RUNPATH_SEARCH_PATHS = (
					"$(inherited)",
					"@executable_path/Frameworks",
					"@loader_path/Frameworks",
				);
				PRODUCT_BUNDLE_IDENTIFIER = "Ryan-Greathouse.viewFindUITests";
				PRODUCT_NAME = "$(TARGET_NAME)";
				SWIFT_VERSION = 5.0;
				TARGETED_DEVICE_FAMILY = "1,2";
				TEST_TARGET_NAME = viewFind;
			};
			name = Debug;
		};
		18B5089F22C1406300C00A5F /* Release */ = {
			isa = XCBuildConfiguration;
			buildSettings = {
				ALWAYS_EMBED_SWIFT_STANDARD_LIBRARIES = YES;
				CODE_SIGN_STYLE = Automatic;
				INFOPLIST_FILE = viewFindUITests/Info.plist;
				LD_RUNPATH_SEARCH_PATHS = (
					"$(inherited)",
					"@executable_path/Frameworks",
					"@loader_path/Frameworks",
				);
				PRODUCT_BUNDLE_IDENTIFIER = "Ryan-Greathouse.viewFindUITests";
				PRODUCT_NAME = "$(TARGET_NAME)";
				SWIFT_VERSION = 5.0;
				TARGETED_DEVICE_FAMILY = "1,2";
				TEST_TARGET_NAME = viewFind;
			};
			name = Release;
		};
/* End XCBuildConfiguration section */

/* Begin XCConfigurationList section */
		18B5086722C1406000C00A5F /* Build configuration list for PBXProject "viewFind" */ = {
			isa = XCConfigurationList;
			buildConfigurations = (
				18B5089522C1406300C00A5F /* Debug */,
				18B5089622C1406300C00A5F /* Release */,
			);
			defaultConfigurationIsVisible = 0;
			defaultConfigurationName = Release;
		};
		18B5089722C1406300C00A5F /* Build configuration list for PBXNativeTarget "viewFind" */ = {
			isa = XCConfigurationList;
			buildConfigurations = (
				18B5089822C1406300C00A5F /* Debug */,
				18B5089922C1406300C00A5F /* Release */,
			);
			defaultConfigurationIsVisible = 0;
			defaultConfigurationName = Release;
		};
		18B5089A22C1406300C00A5F /* Build configuration list for PBXNativeTarget "viewFindTests" */ = {
			isa = XCConfigurationList;
			buildConfigurations = (
				18B5089B22C1406300C00A5F /* Debug */,
				18B5089C22C1406300C00A5F /* Release */,
			);
			defaultConfigurationIsVisible = 0;
			defaultConfigurationName = Release;
		};
		18B5089D22C1406300C00A5F /* Build configuration list for PBXNativeTarget "viewFindUITests" */ = {
			isa = XCConfigurationList;
			buildConfigurations = (
				18B5089E22C1406300C00A5F /* Debug */,
				18B5089F22C1406300C00A5F /* Release */,
			);
			defaultConfigurationIsVisible = 0;
			defaultConfigurationName = Release;
		};
/* End XCConfigurationList section */

/* Begin XCVersionGroup section */
		18B5087622C1406000C00A5F /* viewFind.xcdatamodeld */ = {
			isa = XCVersionGroup;
			children = (
				18B5087722C1406000C00A5F /* viewFind.xcdatamodel */,
			);
			currentVersion = 18B5087722C1406000C00A5F /* viewFind.xcdatamodel */;
			path = viewFind.xcdatamodeld;
			sourceTree = "<group>";
			versionGroupType = wrapper.xcdatamodel;
		};
/* End XCVersionGroup section */
	};
	rootObject = 18B5086422C1406000C00A5F /* Project object */;
}
